schema: '2.0'
stages:
  make_dataset:
    cmd: python src/data/make_dataset.py data/raw/train.csv data/interim/train.pkl
      data/interim/target.pkl
    deps:
    - path: data/raw/train.csv
      md5: 88f8b56af68bf8c7cf3fda9ae4ff02a8
      size: 400268
    - path: src/data/make_dataset.py
      md5: ddf3a4e033718a13b1bf989005617d2e
      size: 1758
    outs:
    - path: data/interim/
      md5: b4c5aadc61366e8f5aa3186bfdfe2f09.dir
      size: 82458
      nfiles: 2
  features:
    cmd: python src/features/build_features.py data/interim/train.pkl data/processed/train.pkl
    deps:
    - path: data/interim/target.pkl
      md5: 0b4cbec5ca168ffbbfa7399b28d9e2d9
      size: 21128
    - path: data/interim/train.pkl
      md5: f1aa706ecbcb971a453abc0ecb51ed0b
      size: 61330
    - path: src/features/build_features.py
      md5: 786f6ce9efd113fa345b9c79b122d41f
      size: 1405
    outs:
    - path: data/processed
      md5: 11fbd9911a938c3258af2001bfa27bcb.dir
      size: 61330
      nfiles: 1
  train_models:
    cmd: python src/models/train_model.py data/processed/train.pkl data/interim/target.pkl
      models
    deps:
    - path: data/interim/target.pkl
      md5: 0b4cbec5ca168ffbbfa7399b28d9e2d9
      size: 21128
    - path: data/processed/train.pkl
      md5: f1aa706ecbcb971a453abc0ecb51ed0b
      size: 61330
    - path: src/models/train_model.py
      md5: 9f8407601f1f60e5bf03af9444f3e469
      size: 3869
    outs:
    - path: models
      md5: e344ae5633b42a3a309d653a8e2ca6a8.dir
      size: 7874
      nfiles: 1
